
Microsoft Visual Studio Solution File, Format Version 12.00
# Visual Studio Version 17
VisualStudioVersion = 17.3.32922.545
MinimumVisualStudioVersion = 10.0.40219.1
Project("{FAE04EC0-301F-11D3-BF4B-00C04F79EFBC}") = "For", "For.csproj", "{A209E2A3-5873-4DCF-8C55-79E633A29424}"
EndProject
Global
	GlobalSection(SolutionConfigurationPlatforms) = preSolution
		Debug|Any CPU = Debug|Any CPU
		Release|Any CPU = Release|Any CPU
	EndGlobalSection
	GlobalSection(ProjectConfigurationPlatforms) = postSolution
		{A209E2A3-5873-4DCF-8C55-79E633A29424}.Debug|Any CPU.ActiveCfg = Debug|Any CPU
		{A209E2A3-5873-4DCF-8C55-79E633A29424}.Debug|Any CPU.Build.0 = Debug|Any CPU
		{A209E2A3-5873-4DCF-8C55-79E633A29424}.Release|Any CPU.ActiveCfg = Release|Any CPU
		{A209E2A3-5873-4DCF-8C55-79E633A29424}.Release|Any CPU.Build.0 = Release|Any CPU
	EndGlobalSection
	GlobalSection(SolutionProperties) = preSolution
		HideSolutionNode = FALSE
	EndGlobalSection
	GlobalSection(ExtensibilityGlobals) = postSolution
		SolutionGuid = {F378A087-AEFE-4F7F-A099-05A34B80A155}
	EndGlobalSection
EndGlobal
