
Microsoft Visual Studio Solution File, Format Version 12.00
# Visual Studio Version 17
VisualStudioVersion = 17.3.32922.545
MinimumVisualStudioVersion = 10.0.40219.1
Project("{FAE04EC0-301F-11D3-BF4B-00C04F79EFBC}") = "MyInterface", "MyInterface.csproj", "{E13BD538-C20C-4656-8A27-672DE65D0502}"
EndProject
Global
	GlobalSection(SolutionConfigurationPlatforms) = preSolution
		Debug|Any CPU = Debug|Any CPU
		Release|Any CPU = Release|Any CPU
	EndGlobalSection
	GlobalSection(ProjectConfigurationPlatforms) = postSolution
		{E13BD538-C20C-4656-8A27-672DE65D0502}.Debug|Any CPU.ActiveCfg = Debug|Any CPU
		{E13BD538-C20C-4656-8A27-672DE65D0502}.Debug|Any CPU.Build.0 = Debug|Any CPU
		{E13BD538-C20C-4656-8A27-672DE65D0502}.Release|Any CPU.ActiveCfg = Release|Any CPU
		{E13BD538-C20C-4656-8A27-672DE65D0502}.Release|Any CPU.Build.0 = Release|Any CPU
	EndGlobalSection
	GlobalSection(SolutionProperties) = preSolution
		HideSolutionNode = FALSE
	EndGlobalSection
	GlobalSection(ExtensibilityGlobals) = postSolution
		SolutionGuid = {F66D1397-96E5-49C3-B128-5A4170045A00}
	EndGlobalSection
EndGlobal
