
Microsoft Visual Studio Solution File, Format Version 12.00
# Visual Studio Version 17
VisualStudioVersion = 17.3.32922.545
MinimumVisualStudioVersion = 10.0.40219.1
Project("{FAE04EC0-301F-11D3-BF4B-00C04F79EFBC}") = "LINQTest", "LINQTest\LINQTest.csproj", "{CBF77AD8-444D-4EB4-82D9-601805DBFE75}"
EndProject
Global
	GlobalSection(SolutionConfigurationPlatforms) = preSolution
		Debug|Any CPU = Debug|Any CPU
		Release|Any CPU = Release|Any CPU
	EndGlobalSection
	GlobalSection(ProjectConfigurationPlatforms) = postSolution
		{CBF77AD8-444D-4EB4-82D9-601805DBFE75}.Debug|Any CPU.ActiveCfg = Debug|Any CPU
		{CBF77AD8-444D-4EB4-82D9-601805DBFE75}.Debug|Any CPU.Build.0 = Debug|Any CPU
		{CBF77AD8-444D-4EB4-82D9-601805DBFE75}.Release|Any CPU.ActiveCfg = Release|Any CPU
		{CBF77AD8-444D-4EB4-82D9-601805DBFE75}.Release|Any CPU.Build.0 = Release|Any CPU
	EndGlobalSection
	GlobalSection(SolutionProperties) = preSolution
		HideSolutionNode = FALSE
	EndGlobalSection
	GlobalSection(ExtensibilityGlobals) = postSolution
		SolutionGuid = {5702174D-FBA0-422C-A8EB-A4EA8112AE6F}
	EndGlobalSection
EndGlobal
