
Microsoft Visual Studio Solution File, Format Version 12.00
# Visual Studio Version 17
VisualStudioVersion = 17.3.32922.545
MinimumVisualStudioVersion = 10.0.40219.1
Project("{FAE04EC0-301F-11D3-BF4B-00C04F79EFBC}") = "DBConnectionApp1", "DBConnectionApp1\DBConnectionApp1.csproj", "{87A7FB8A-60B1-427C-BFFB-63B18F65AAE7}"
EndProject
Global
	GlobalSection(SolutionConfigurationPlatforms) = preSolution
		Debug|Any CPU = Debug|Any CPU
		Release|Any CPU = Release|Any CPU
	EndGlobalSection
	GlobalSection(ProjectConfigurationPlatforms) = postSolution
		{87A7FB8A-60B1-427C-BFFB-63B18F65AAE7}.Debug|Any CPU.ActiveCfg = Debug|Any CPU
		{87A7FB8A-60B1-427C-BFFB-63B18F65AAE7}.Debug|Any CPU.Build.0 = Debug|Any CPU
		{87A7FB8A-60B1-427C-BFFB-63B18F65AAE7}.Release|Any CPU.ActiveCfg = Release|Any CPU
		{87A7FB8A-60B1-427C-BFFB-63B18F65AAE7}.Release|Any CPU.Build.0 = Release|Any CPU
	EndGlobalSection
	GlobalSection(SolutionProperties) = preSolution
		HideSolutionNode = FALSE
	EndGlobalSection
	GlobalSection(ExtensibilityGlobals) = postSolution
		SolutionGuid = {D82EDA7B-779D-45C4-9C73-500AE8955BDD}
	EndGlobalSection
EndGlobal
